
Microsoft Visual Studio Solution File, Format Version 12.00
# Visual Studio 15
VisualStudioVersion = 15.0.26730.16
MinimumVisualStudioVersion = 10.0.40219.1
Project("{8BC9CEB8-8B4A-11D0-8D11-00A0C91BC942}") = "textures-demo-glut", "textures-demo-glut.vcxproj", "{854ECE57-0DB2-4775-9FE8-468519BBC72C}"
EndProject
Global
	GlobalSection(SolutionConfigurationPlatforms) = preSolution
		Debug|x64 = Debug|x64
		Debug|x86 = Debug|x86
		Release|x64 = Release|x64
		Release|x86 = Release|x86
	EndGlobalSection
	GlobalSection(ProjectConfigurationPlatforms) = postSolution
		{854ECE57-0DB2-4775-9FE8-468519BBC72C}.Debug|x64.ActiveCfg = Debug|x64
		{854ECE57-0DB2-4775-9FE8-468519BBC72C}.Debug|x64.Build.0 = Debug|x64
		{854ECE57-0DB2-4775-9FE8-468519BBC72C}.Debug|x86.ActiveCfg = Debug|Win32
		{854ECE57-0DB2-4775-9FE8-468519BBC72C}.Debug|x86.Build.0 = Debug|Win32
		{854ECE57-0DB2-4775-9FE8-468519BBC72C}.Release|x64.ActiveCfg = Release|x64
		{854ECE57-0DB2-4775-9FE8-468519BBC72C}.Release|x64.Build.0 = Release|x64
		{854ECE57-0DB2-4775-9FE8-468519BBC72C}.Release|x86.ActiveCfg = Release|Win32
		{854ECE57-0DB2-4775-9FE8-468519BBC72C}.Release|x86.Build.0 = Release|Win32
	EndGlobalSection
	GlobalSection(SolutionProperties) = preSolution
		HideSolutionNode = FALSE
	EndGlobalSection
	GlobalSection(ExtensibilityGlobals) = postSolution
		SolutionGuid = {821F873F-1F57-437A-B3C8-57C1E784C56D}
	EndGlobalSection
EndGlobal
